
Microsoft Visual Studio Solution File, Format Version 12.00
# Visual Studio 15
VisualStudioVersion = 15.0.27703.2042
MinimumVisualStudioVersion = 10.0.40219.1
Project("{8BC9CEB8-8B4A-11D0-8D11-00A0C91BC942}") = "TestClient", "TestClient\TestClient.vcxproj", "{7EDDDE28-C658-4D69-922C-A6230A94265D}"
	ProjectSection(ProjectDependencies) = postProject
		{47CB5214-1148-4BD8-91E3-84F52547D8D4} = {47CB5214-1148-4BD8-91E3-84F52547D8D4}
		{FEE12795-9CD5-4A45-88A6-75A239C0845A} = {FEE12795-9CD5-4A45-88A6-75A239C0845A}
		{2AEE6ABA-B247-4CB9-BA2E-5FD88BD6553B} = {2AEE6ABA-B247-4CB9-BA2E-5FD88BD6553B}
		{28C219E5-A07B-4843-B775-450B9A3E5EC3} = {28C219E5-A07B-4843-B775-450B9A3E5EC3}
	EndProjectSection
EndProject
Project("{8BC9CEB8-8B4A-11D0-8D11-00A0C91BC942}") = "BasicUsageEnvironment", "BasicUsageEnvironment\BasicUsageEnvironment.vcxproj", "{28C219E5-A07B-4843-B775-450B9A3E5EC3}"
EndProject
Project("{8BC9CEB8-8B4A-11D0-8D11-00A0C91BC942}") = "UsageEnvironment", "UsageEnvironment\UsageEnvironment.vcxproj", "{47CB5214-1148-4BD8-91E3-84F52547D8D4}"
EndProject
Project("{8BC9CEB8-8B4A-11D0-8D11-00A0C91BC942}") = "Groupsock", "Groupsock\Groupsock.vcxproj", "{2AEE6ABA-B247-4CB9-BA2E-5FD88BD6553B}"
EndProject
Project("{8BC9CEB8-8B4A-11D0-8D11-00A0C91BC942}") = "LiveMedia", "LiveMedia\LiveMedia.vcxproj", "{FEE12795-9CD5-4A45-88A6-75A239C0845A}"
EndProject
Global
	GlobalSection(SolutionConfigurationPlatforms) = preSolution
		Debug|x64 = Debug|x64
		Debug|x86 = Debug|x86
		Release|x64 = Release|x64
		Release|x86 = Release|x86
	EndGlobalSection
	GlobalSection(ProjectConfigurationPlatforms) = postSolution
		{7EDDDE28-C658-4D69-922C-A6230A94265D}.Debug|x64.ActiveCfg = Debug|x64
		{7EDDDE28-C658-4D69-922C-A6230A94265D}.Debug|x64.Build.0 = Debug|x64
		{7EDDDE28-C658-4D69-922C-A6230A94265D}.Debug|x86.ActiveCfg = Debug|Win32
		{7EDDDE28-C658-4D69-922C-A6230A94265D}.Debug|x86.Build.0 = Debug|Win32
		{7EDDDE28-C658-4D69-922C-A6230A94265D}.Release|x64.ActiveCfg = Release|x64
		{7EDDDE28-C658-4D69-922C-A6230A94265D}.Release|x64.Build.0 = Release|x64
		{7EDDDE28-C658-4D69-922C-A6230A94265D}.Release|x86.ActiveCfg = Release|Win32
		{7EDDDE28-C658-4D69-922C-A6230A94265D}.Release|x86.Build.0 = Release|Win32
		{28C219E5-A07B-4843-B775-450B9A3E5EC3}.Debug|x64.ActiveCfg = Debug|x64
		{28C219E5-A07B-4843-B775-450B9A3E5EC3}.Debug|x64.Build.0 = Debug|x64
		{28C219E5-A07B-4843-B775-450B9A3E5EC3}.Debug|x86.ActiveCfg = Debug|Win32
		{28C219E5-A07B-4843-B775-450B9A3E5EC3}.Debug|x86.Build.0 = Debug|Win32
		{28C219E5-A07B-4843-B775-450B9A3E5EC3}.Release|x64.ActiveCfg = Release|x64
		{28C219E5-A07B-4843-B775-450B9A3E5EC3}.Release|x64.Build.0 = Release|x64
		{28C219E5-A07B-4843-B775-450B9A3E5EC3}.Release|x86.ActiveCfg = Release|Win32
		{28C219E5-A07B-4843-B775-450B9A3E5EC3}.Release|x86.Build.0 = Release|Win32
		{47CB5214-1148-4BD8-91E3-84F52547D8D4}.Debug|x64.ActiveCfg = Debug|x64
		{47CB5214-1148-4BD8-91E3-84F52547D8D4}.Debug|x64.Build.0 = Debug|x64
		{47CB5214-1148-4BD8-91E3-84F52547D8D4}.Debug|x86.ActiveCfg = Debug|Win32
		{47CB5214-1148-4BD8-91E3-84F52547D8D4}.Debug|x86.Build.0 = Debug|Win32
		{47CB5214-1148-4BD8-91E3-84F52547D8D4}.Release|x64.ActiveCfg = Release|x64
		{47CB5214-1148-4BD8-91E3-84F52547D8D4}.Release|x64.Build.0 = Release|x64
		{47CB5214-1148-4BD8-91E3-84F52547D8D4}.Release|x86.ActiveCfg = Release|Win32
		{47CB5214-1148-4BD8-91E3-84F52547D8D4}.Release|x86.Build.0 = Release|Win32
		{2AEE6ABA-B247-4CB9-BA2E-5FD88BD6553B}.Debug|x64.ActiveCfg = Debug|x64
		{2AEE6ABA-B247-4CB9-BA2E-5FD88BD6553B}.Debug|x64.Build.0 = Debug|x64
		{2AEE6ABA-B247-4CB9-BA2E-5FD88BD6553B}.Debug|x86.ActiveCfg = Debug|Win32
		{2AEE6ABA-B247-4CB9-BA2E-5FD88BD6553B}.Debug|x86.Build.0 = Debug|Win32
		{2AEE6ABA-B247-4CB9-BA2E-5FD88BD6553B}.Release|x64.ActiveCfg = Release|x64
		{2AEE6ABA-B247-4CB9-BA2E-5FD88BD6553B}.Release|x64.Build.0 = Release|x64
		{2AEE6ABA-B247-4CB9-BA2E-5FD88BD6553B}.Release|x86.ActiveCfg = Release|Win32
		{2AEE6ABA-B247-4CB9-BA2E-5FD88BD6553B}.Release|x86.Build.0 = Release|Win32
		{FEE12795-9CD5-4A45-88A6-75A239C0845A}.Debug|x64.ActiveCfg = Debug|x64
		{FEE12795-9CD5-4A45-88A6-75A239C0845A}.Debug|x64.Build.0 = Debug|x64
		{FEE12795-9CD5-4A45-88A6-75A239C0845A}.Debug|x86.ActiveCfg = Debug|Win32
		{FEE12795-9CD5-4A45-88A6-75A239C0845A}.Debug|x86.Build.0 = Debug|Win32
		{FEE12795-9CD5-4A45-88A6-75A239C0845A}.Release|x64.ActiveCfg = Release|x64
		{FEE12795-9CD5-4A45-88A6-75A239C0845A}.Release|x64.Build.0 = Release|x64
		{FEE12795-9CD5-4A45-88A6-75A239C0845A}.Release|x86.ActiveCfg = Release|Win32
		{FEE12795-9CD5-4A45-88A6-75A239C0845A}.Release|x86.Build.0 = Release|Win32
	EndGlobalSection
	GlobalSection(SolutionProperties) = preSolution
		HideSolutionNode = FALSE
	EndGlobalSection
	GlobalSection(ExtensibilityGlobals) = postSolution
		SolutionGuid = {89A7A659-5CEC-491A-BD92-EC27D8EA5DA1}
	EndGlobalSection
EndGlobal
