<?xml version="1.0" encoding="utf-8"?>
<Project ToolsVersion="4.0" xmlns="http://schemas.microsoft.com/developer/msbuild/2003">
  <ItemGroup>
    <Filter Include="Source Files">
      <UniqueIdentifier>{4FC737F1-C7A5-4376-A066-2A32D752A2FF}</UniqueIdentifier>
      <Extensions>cpp;c;cc;cxx;def;odl;idl;hpj;bat;asm;asmx</Extensions>
    </Filter>
    <Filter Include="Header Files">
      <UniqueIdentifier>{93995380-89BD-4b04-88EB-625FBE52EBFB}</UniqueIdentifier>
      <Extensions>h;hh;hpp;hxx;hm;inl;inc;ipp;xsd</Extensions>
    </Filter>
    <Filter Include="Resource Files">
      <UniqueIdentifier>{67DA6AB6-F800-4c08-8B7A-83BB121AAD01}</UniqueIdentifier>
      <Extensions>rc;ico;cur;bmp;dlg;rc2;rct;bin;rgs;gif;jpg;jpeg;jpe;resx;tiff;tif;png;wav;mfcribbon-ms</Extensions>
    </Filter>
  </ItemGroup>
  <ItemGroup>
    <ClCompile Include="testRTSPClient.cpp">
      <Filter>Source Files</Filter>
    </ClCompile>
  </ItemGroup>
  <ItemGroup>
    <ClInclude Include="Includes\AC3AudioFileServerMediaSubsession.hh">
      <Filter>Header Files</Filter>
    </ClInclude>
    <ClInclude Include="Includes\AC3AudioRTPSink.hh">
      <Filter>Header Files</Filter>
    </ClInclude>
    <ClInclude Include="Includes\AC3AudioRTPSource.hh">
      <Filter>Header Files</Filter>
    </ClInclude>
    <ClInclude Include="Includes\AC3AudioStreamFramer.hh">
      <Filter>Header Files</Filter>
    </ClInclude>
    <ClInclude Include="Includes\ADTSAudioFileServerMediaSubsession.hh">
      <Filter>Header Files</Filter>
    </ClInclude>
    <ClInclude Include="Includes\ADTSAudioFileSource.hh">
      <Filter>Header Files</Filter>
    </ClInclude>
    <ClInclude Include="Includes\AMRAudioFileServerMediaSubsession.hh">
      <Filter>Header Files</Filter>
    </ClInclude>
    <ClInclude Include="Includes\AMRAudioFileSink.hh">
      <Filter>Header Files</Filter>
    </ClInclude>
    <ClInclude Include="Includes\AMRAudioFileSource.hh">
      <Filter>Header Files</Filter>
    </ClInclude>
    <ClInclude Include="Includes\AMRAudioRTPSink.hh">
      <Filter>Header Files</Filter>
    </ClInclude>
    <ClInclude Include="Includes\AMRAudioRTPSource.hh">
      <Filter>Header Files</Filter>
    </ClInclude>
    <ClInclude Include="Includes\AMRAudioSource.hh">
      <Filter>Header Files</Filter>
    </ClInclude>
    <ClInclude Include="Includes\AudioInputDevice.hh">
      <Filter>Header Files</Filter>
    </ClInclude>
    <ClInclude Include="Includes\AudioRTPSink.hh">
      <Filter>Header Files</Filter>
    </ClInclude>
    <ClInclude Include="Includes\AVIFileSink.hh">
      <Filter>Header Files</Filter>
    </ClInclude>
    <ClInclude Include="Includes\Base64.hh">
      <Filter>Header Files</Filter>
    </ClInclude>
    <ClInclude Include="Includes\BasicHashTable.hh">
      <Filter>Header Files</Filter>
    </ClInclude>
    <ClInclude Include="Includes\BasicUDPSink.hh">
      <Filter>Header Files</Filter>
    </ClInclude>
    <ClInclude Include="Includes\BasicUDPSource.hh">
      <Filter>Header Files</Filter>
    </ClInclude>
    <ClInclude Include="Includes\BasicUsageEnvironment.hh">
      <Filter>Header Files</Filter>
    </ClInclude>
    <ClInclude Include="Includes\BasicUsageEnvironment_version.hh">
      <Filter>Header Files</Filter>
    </ClInclude>
    <ClInclude Include="Includes\BasicUsageEnvironment0.hh">
      <Filter>Header Files</Filter>
    </ClInclude>
    <ClInclude Include="Includes\BitVector.hh">
      <Filter>Header Files</Filter>
    </ClInclude>
    <ClInclude Include="Includes\Boolean.hh">
      <Filter>Header Files</Filter>
    </ClInclude>
    <ClInclude Include="Includes\ByteStreamFileSource.hh">
      <Filter>Header Files</Filter>
    </ClInclude>
    <ClInclude Include="Includes\ByteStreamMemoryBufferSource.hh">
      <Filter>Header Files</Filter>
    </ClInclude>
    <ClInclude Include="Includes\ByteStreamMultiFileSource.hh">
      <Filter>Header Files</Filter>
    </ClInclude>
    <ClInclude Include="Includes\DelayQueue.hh">
      <Filter>Header Files</Filter>
    </ClInclude>
    <ClInclude Include="Includes\DeviceSource.hh">
      <Filter>Header Files</Filter>
    </ClInclude>
    <ClInclude Include="Includes\DigestAuthentication.hh">
      <Filter>Header Files</Filter>
    </ClInclude>
    <ClInclude Include="Includes\DVVideoFileServerMediaSubsession.hh">
      <Filter>Header Files</Filter>
    </ClInclude>
    <ClInclude Include="Includes\DVVideoRTPSink.hh">
      <Filter>Header Files</Filter>
    </ClInclude>
    <ClInclude Include="Includes\DVVideoRTPSource.hh">
      <Filter>Header Files</Filter>
    </ClInclude>
    <ClInclude Include="Includes\DVVideoStreamFramer.hh">
      <Filter>Header Files</Filter>
    </ClInclude>
    <ClInclude Include="Includes\FileServerMediaSubsession.hh">
      <Filter>Header Files</Filter>
    </ClInclude>
    <ClInclude Include="Includes\FileSink.hh">
      <Filter>Header Files</Filter>
    </ClInclude>
    <ClInclude Include="Includes\FramedFileSource.hh">
      <Filter>Header Files</Filter>
    </ClInclude>
    <ClInclude Include="Includes\FramedFilter.hh">
      <Filter>Header Files</Filter>
    </ClInclude>
    <ClInclude Include="Includes\FramedSource.hh">
      <Filter>Header Files</Filter>
    </ClInclude>
    <ClInclude Include="Includes\GenericMediaServer.hh">
      <Filter>Header Files</Filter>
    </ClInclude>
    <ClInclude Include="Includes\GroupEId.hh">
      <Filter>Header Files</Filter>
    </ClInclude>
    <ClInclude Include="Includes\Groupsock.hh">
      <Filter>Header Files</Filter>
    </ClInclude>
    <ClInclude Include="Includes\groupsock_version.hh">
      <Filter>Header Files</Filter>
    </ClInclude>
    <ClInclude Include="Includes\GroupsockHelper.hh">
      <Filter>Header Files</Filter>
    </ClInclude>
    <ClInclude Include="Includes\GSMAudioRTPSink.hh">
      <Filter>Header Files</Filter>
    </ClInclude>
    <ClInclude Include="Includes\H261VideoRTPSource.hh">
      <Filter>Header Files</Filter>
    </ClInclude>
    <ClInclude Include="Includes\H263plusVideoFileServerMediaSubsession.hh">
      <Filter>Header Files</Filter>
    </ClInclude>
    <ClInclude Include="Includes\H263plusVideoRTPSink.hh">
      <Filter>Header Files</Filter>
    </ClInclude>
    <ClInclude Include="Includes\H263plusVideoRTPSource.hh">
      <Filter>Header Files</Filter>
    </ClInclude>
    <ClInclude Include="Includes\H263plusVideoStreamFramer.hh">
      <Filter>Header Files</Filter>
    </ClInclude>
    <ClInclude Include="Includes\H264or5VideoFileSink.hh">
      <Filter>Header Files</Filter>
    </ClInclude>
    <ClInclude Include="Includes\H264or5VideoRTPSink.hh">
      <Filter>Header Files</Filter>
    </ClInclude>
    <ClInclude Include="Includes\H264or5VideoStreamDiscreteFramer.hh">
      <Filter>Header Files</Filter>
    </ClInclude>
    <ClInclude Include="Includes\H264or5VideoStreamFramer.hh">
      <Filter>Header Files</Filter>
    </ClInclude>
    <ClInclude Include="Includes\H264VideoFileServerMediaSubsession.hh">
      <Filter>Header Files</Filter>
    </ClInclude>
    <ClInclude Include="Includes\H264VideoFileSink.hh">
      <Filter>Header Files</Filter>
    </ClInclude>
    <ClInclude Include="Includes\H264VideoRTPSink.hh">
      <Filter>Header Files</Filter>
    </ClInclude>
    <ClInclude Include="Includes\H264VideoRTPSource.hh">
      <Filter>Header Files</Filter>
    </ClInclude>
    <ClInclude Include="Includes\H264VideoStreamDiscreteFramer.hh">
      <Filter>Header Files</Filter>
    </ClInclude>
    <ClInclude Include="Includes\H264VideoStreamFramer.hh">
      <Filter>Header Files</Filter>
    </ClInclude>
    <ClInclude Include="Includes\H265VideoFileServerMediaSubsession.hh">
      <Filter>Header Files</Filter>
    </ClInclude>
    <ClInclude Include="Includes\H265VideoFileSink.hh">
      <Filter>Header Files</Filter>
    </ClInclude>
    <ClInclude Include="Includes\H265VideoRTPSink.hh">
      <Filter>Header Files</Filter>
    </ClInclude>
    <ClInclude Include="Includes\H265VideoRTPSource.hh">
      <Filter>Header Files</Filter>
    </ClInclude>
    <ClInclude Include="Includes\H265VideoStreamDiscreteFramer.hh">
      <Filter>Header Files</Filter>
    </ClInclude>
    <ClInclude Include="Includes\H265VideoStreamFramer.hh">
      <Filter>Header Files</Filter>
    </ClInclude>
    <ClInclude Include="Includes\HandlerSet.hh">
      <Filter>Header Files</Filter>
    </ClInclude>
    <ClInclude Include="Includes\HashTable.hh">
      <Filter>Header Files</Filter>
    </ClInclude>
    <ClInclude Include="Includes\InputFile.hh">
      <Filter>Header Files</Filter>
    </ClInclude>
    <ClInclude Include="Includes\IOHandlers.hh">
      <Filter>Header Files</Filter>
    </ClInclude>
    <ClInclude Include="Includes\JPEGVideoRTPSink.hh">
      <Filter>Header Files</Filter>
    </ClInclude>
    <ClInclude Include="Includes\JPEGVideoRTPSource.hh">
      <Filter>Header Files</Filter>
    </ClInclude>
    <ClInclude Include="Includes\JPEGVideoSource.hh">
      <Filter>Header Files</Filter>
    </ClInclude>
    <ClInclude Include="Includes\liveMedia.hh">
      <Filter>Header Files</Filter>
    </ClInclude>
    <ClInclude Include="Includes\liveMedia_version.hh">
      <Filter>Header Files</Filter>
    </ClInclude>
    <ClInclude Include="Includes\Locale.hh">
      <Filter>Header Files</Filter>
    </ClInclude>
    <ClInclude Include="Includes\MatroskaFile.hh">
      <Filter>Header Files</Filter>
    </ClInclude>
    <ClInclude Include="Includes\MatroskaFileServerDemux.hh">
      <Filter>Header Files</Filter>
    </ClInclude>
    <ClInclude Include="Includes\Media.hh">
      <Filter>Header Files</Filter>
    </ClInclude>
    <ClInclude Include="Includes\MediaSession.hh">
      <Filter>Header Files</Filter>
    </ClInclude>
    <ClInclude Include="Includes\MediaSink.hh">
      <Filter>Header Files</Filter>
    </ClInclude>
    <ClInclude Include="Includes\MediaSource.hh">
      <Filter>Header Files</Filter>
    </ClInclude>
    <ClInclude Include="Includes\MediaTranscodingTable.hh">
      <Filter>Header Files</Filter>
    </ClInclude>
    <ClInclude Include="Includes\MP3ADU.hh">
      <Filter>Header Files</Filter>
    </ClInclude>
    <ClInclude Include="Includes\MP3ADUinterleaving.hh">
      <Filter>Header Files</Filter>
    </ClInclude>
    <ClInclude Include="Includes\MP3ADURTPSink.hh">
      <Filter>Header Files</Filter>
    </ClInclude>
    <ClInclude Include="Includes\MP3ADURTPSource.hh">
      <Filter>Header Files</Filter>
    </ClInclude>
    <ClInclude Include="Includes\MP3ADUTranscoder.hh">
      <Filter>Header Files</Filter>
    </ClInclude>
    <ClInclude Include="Includes\MP3AudioFileServerMediaSubsession.hh">
      <Filter>Header Files</Filter>
    </ClInclude>
    <ClInclude Include="Includes\MP3FileSource.hh">
      <Filter>Header Files</Filter>
    </ClInclude>
    <ClInclude Include="Includes\MP3Transcoder.hh">
      <Filter>Header Files</Filter>
    </ClInclude>
    <ClInclude Include="Includes\MPEG1or2AudioRTPSink.hh">
      <Filter>Header Files</Filter>
    </ClInclude>
    <ClInclude Include="Includes\MPEG1or2AudioRTPSource.hh">
      <Filter>Header Files</Filter>
    </ClInclude>
    <ClInclude Include="Includes\MPEG1or2AudioStreamFramer.hh">
      <Filter>Header Files</Filter>
    </ClInclude>
    <ClInclude Include="Includes\MPEG1or2Demux.hh">
      <Filter>Header Files</Filter>
    </ClInclude>
    <ClInclude Include="Includes\MPEG1or2DemuxedElementaryStream.hh">
      <Filter>Header Files</Filter>
    </ClInclude>
    <ClInclude Include="Includes\MPEG1or2DemuxedServerMediaSubsession.hh">
      <Filter>Header Files</Filter>
    </ClInclude>
    <ClInclude Include="Includes\MPEG1or2FileServerDemux.hh">
      <Filter>Header Files</Filter>
    </ClInclude>
    <ClInclude Include="Includes\MPEG1or2VideoFileServerMediaSubsession.hh">
      <Filter>Header Files</Filter>
    </ClInclude>
    <ClInclude Include="Includes\MPEG1or2VideoRTPSink.hh">
      <Filter>Header Files</Filter>
    </ClInclude>
    <ClInclude Include="Includes\MPEG1or2VideoRTPSource.hh">
      <Filter>Header Files</Filter>
    </ClInclude>
    <ClInclude Include="Includes\MPEG1or2VideoStreamDiscreteFramer.hh">
      <Filter>Header Files</Filter>
    </ClInclude>
    <ClInclude Include="Includes\MPEG1or2VideoStreamFramer.hh">
      <Filter>Header Files</Filter>
    </ClInclude>
    <ClInclude Include="Includes\MPEG2IndexFromTransportStream.hh">
      <Filter>Header Files</Filter>
    </ClInclude>
    <ClInclude Include="Includes\MPEG2TransportFileServerMediaSubsession.hh">
      <Filter>Header Files</Filter>
    </ClInclude>
    <ClInclude Include="Includes\MPEG2TransportStreamAccumulator.hh">
      <Filter>Header Files</Filter>
    </ClInclude>
    <ClInclude Include="Includes\MPEG2TransportStreamFramer.hh">
      <Filter>Header Files</Filter>
    </ClInclude>
    <ClInclude Include="Includes\MPEG2TransportStreamFromESSource.hh">
      <Filter>Header Files</Filter>
    </ClInclude>
    <ClInclude Include="Includes\MPEG2TransportStreamFromPESSource.hh">
      <Filter>Header Files</Filter>
    </ClInclude>
    <ClInclude Include="Includes\MPEG2TransportStreamIndexFile.hh">
      <Filter>Header Files</Filter>
    </ClInclude>
    <ClInclude Include="Includes\MPEG2TransportStreamMultiplexor.hh">
      <Filter>Header Files</Filter>
    </ClInclude>
    <ClInclude Include="Includes\MPEG2TransportStreamTrickModeFilter.hh">
      <Filter>Header Files</Filter>
    </ClInclude>
    <ClInclude Include="Includes\MPEG2TransportUDPServerMediaSubsession.hh">
      <Filter>Header Files</Filter>
    </ClInclude>
    <ClInclude Include="Includes\MPEG4ESVideoRTPSink.hh">
      <Filter>Header Files</Filter>
    </ClInclude>
    <ClInclude Include="Includes\MPEG4ESVideoRTPSource.hh">
      <Filter>Header Files</Filter>
    </ClInclude>
    <ClInclude Include="Includes\MPEG4GenericRTPSink.hh">
      <Filter>Header Files</Filter>
    </ClInclude>
    <ClInclude Include="Includes\MPEG4GenericRTPSource.hh">
      <Filter>Header Files</Filter>
    </ClInclude>
    <ClInclude Include="Includes\MPEG4LATMAudioRTPSink.hh">
      <Filter>Header Files</Filter>
    </ClInclude>
    <ClInclude Include="Includes\MPEG4LATMAudioRTPSource.hh">
      <Filter>Header Files</Filter>
    </ClInclude>
    <ClInclude Include="Includes\MPEG4VideoFileServerMediaSubsession.hh">
      <Filter>Header Files</Filter>
    </ClInclude>
    <ClInclude Include="Includes\MPEG4VideoStreamDiscreteFramer.hh">
      <Filter>Header Files</Filter>
    </ClInclude>
    <ClInclude Include="Includes\MPEG4VideoStreamFramer.hh">
      <Filter>Header Files</Filter>
    </ClInclude>
    <ClInclude Include="Includes\MPEGVideoStreamFramer.hh">
      <Filter>Header Files</Filter>
    </ClInclude>
    <ClInclude Include="Includes\MultiFramedRTPSink.hh">
      <Filter>Header Files</Filter>
    </ClInclude>
    <ClInclude Include="Includes\MultiFramedRTPSource.hh">
      <Filter>Header Files</Filter>
    </ClInclude>
    <ClInclude Include="Includes\NetAddress.hh">
      <Filter>Header Files</Filter>
    </ClInclude>
    <ClInclude Include="Includes\NetCommon.h">
      <Filter>Header Files</Filter>
    </ClInclude>
    <ClInclude Include="Includes\NetInterface.hh">
      <Filter>Header Files</Filter>
    </ClInclude>
    <ClInclude Include="Includes\OggFile.hh">
      <Filter>Header Files</Filter>
    </ClInclude>
    <ClInclude Include="Includes\OggFileServerDemux.hh">
      <Filter>Header Files</Filter>
    </ClInclude>
    <ClInclude Include="Includes\OggFileSink.hh">
      <Filter>Header Files</Filter>
    </ClInclude>
    <ClInclude Include="Includes\OnDemandServerMediaSubsession.hh">
      <Filter>Header Files</Filter>
    </ClInclude>
    <ClInclude Include="Includes\ourMD5.hh">
      <Filter>Header Files</Filter>
    </ClInclude>
    <ClInclude Include="Includes\OutputFile.hh">
      <Filter>Header Files</Filter>
    </ClInclude>
    <ClInclude Include="Includes\PassiveServerMediaSubsession.hh">
      <Filter>Header Files</Filter>
    </ClInclude>
    <ClInclude Include="Includes\ProxyServerMediaSession.hh">
      <Filter>Header Files</Filter>
    </ClInclude>
    <ClInclude Include="Includes\QCELPAudioRTPSource.hh">
      <Filter>Header Files</Filter>
    </ClInclude>
    <ClInclude Include="Includes\QuickTimeFileSink.hh">
      <Filter>Header Files</Filter>
    </ClInclude>
    <ClInclude Include="Includes\QuickTimeGenericRTPSource.hh">
      <Filter>Header Files</Filter>
    </ClInclude>
    <ClInclude Include="Includes\RTCP.hh">
      <Filter>Header Files</Filter>
    </ClInclude>
    <ClInclude Include="Includes\RTPInterface.hh">
      <Filter>Header Files</Filter>
    </ClInclude>
    <ClInclude Include="Includes\RTPSink.hh">
      <Filter>Header Files</Filter>
    </ClInclude>
    <ClInclude Include="Includes\RTPSource.hh">
      <Filter>Header Files</Filter>
    </ClInclude>
    <ClInclude Include="Includes\RTSPClient.hh">
      <Filter>Header Files</Filter>
    </ClInclude>
    <ClInclude Include="Includes\RTSPCommon.hh">
      <Filter>Header Files</Filter>
    </ClInclude>
    <ClInclude Include="Includes\RTSPRegisterSender.hh">
      <Filter>Header Files</Filter>
    </ClInclude>
    <ClInclude Include="Includes\RTSPServer.hh">
      <Filter>Header Files</Filter>
    </ClInclude>
    <ClInclude Include="Includes\RTSPServerSupportingHTTPStreaming.hh">
      <Filter>Header Files</Filter>
    </ClInclude>
    <ClInclude Include="Includes\ServerMediaSession.hh">
      <Filter>Header Files</Filter>
    </ClInclude>
    <ClInclude Include="Includes\SimpleRTPSink.hh">
      <Filter>Header Files</Filter>
    </ClInclude>
    <ClInclude Include="Includes\SimpleRTPSource.hh">
      <Filter>Header Files</Filter>
    </ClInclude>
    <ClInclude Include="Includes\SIPClient.hh">
      <Filter>Header Files</Filter>
    </ClInclude>
    <ClInclude Include="Includes\strDup.hh">
      <Filter>Header Files</Filter>
    </ClInclude>
    <ClInclude Include="Includes\StreamReplicator.hh">
      <Filter>Header Files</Filter>
    </ClInclude>
    <ClInclude Include="Includes\T140TextRTPSink.hh">
      <Filter>Header Files</Filter>
    </ClInclude>
    <ClInclude Include="Includes\TCPStreamSink.hh">
      <Filter>Header Files</Filter>
    </ClInclude>
    <ClInclude Include="Includes\TextRTPSink.hh">
      <Filter>Header Files</Filter>
    </ClInclude>
    <ClInclude Include="Includes\TheoraVideoRTPSink.hh">
      <Filter>Header Files</Filter>
    </ClInclude>
    <ClInclude Include="Includes\TheoraVideoRTPSource.hh">
      <Filter>Header Files</Filter>
    </ClInclude>
    <ClInclude Include="Includes\TunnelEncaps.hh">
      <Filter>Header Files</Filter>
    </ClInclude>
    <ClInclude Include="Includes\uLawAudioFilter.hh">
      <Filter>Header Files</Filter>
    </ClInclude>
    <ClInclude Include="Includes\UsageEnvironment.hh">
      <Filter>Header Files</Filter>
    </ClInclude>
    <ClInclude Include="Includes\UsageEnvironment_version.hh">
      <Filter>Header Files</Filter>
    </ClInclude>
    <ClInclude Include="Includes\VideoRTPSink.hh">
      <Filter>Header Files</Filter>
    </ClInclude>
    <ClInclude Include="Includes\VorbisAudioRTPSink.hh">
      <Filter>Header Files</Filter>
    </ClInclude>
    <ClInclude Include="Includes\VorbisAudioRTPSource.hh">
      <Filter>Header Files</Filter>
    </ClInclude>
    <ClInclude Include="Includes\VP8VideoRTPSink.hh">
      <Filter>Header Files</Filter>
    </ClInclude>
    <ClInclude Include="Includes\VP8VideoRTPSource.hh">
      <Filter>Header Files</Filter>
    </ClInclude>
    <ClInclude Include="Includes\VP9VideoRTPSink.hh">
      <Filter>Header Files</Filter>
    </ClInclude>
    <ClInclude Include="Includes\VP9VideoRTPSource.hh">
      <Filter>Header Files</Filter>
    </ClInclude>
    <ClInclude Include="Includes\WAVAudioFileServerMediaSubsession.hh">
      <Filter>Header Files</Filter>
    </ClInclude>
    <ClInclude Include="Includes\WAVAudioFileSource.hh">
      <Filter>Header Files</Filter>
    </ClInclude>
  </ItemGroup>
  <ItemGroup>
    <None Include="Includes\ProxyServerMediaSession.hh.orig">
      <Filter>Header Files</Filter>
    </None>
  </ItemGroup>
</Project>